{
  "name": "ui5-walkthrough",
  "version": "1.0.0",
  "lockfileVersion": 2,
  "requires": true,
  "packages": {
    "": {
      "version": "1.0.0",
      "license": "ISC",
      "dependencies": {
        "@openui5/sap.ui.core": "^1.89.1"
      }
    },
    "node_modules/@openui5/sap.ui.core": {
      "version": "1.89.1",
      "resolved": "https://registry.npmjs.org/@openui5/sap.ui.core/-/sap.ui.core-1.89.1.tgz",
      "integrity": "sha512-+weZle8wZJRWs4pDD5ZMLtsrUmUZ58VGYOWsdZSNwhYKxMnc7O8gYYCujLj/8Q/dTya2Hw/9DK86H/lxoJjofg=="
    }
  },
  "dependencies": {
    "@openui5/sap.ui.core": {
      "version": "1.89.1",
      "resolved": "https://registry.npmjs.org/@openui5/sap.ui.core/-/sap.ui.core-1.89.1.tgz",
      "integrity": "sha512-+weZle8wZJRWs4pDD5ZMLtsrUmUZ58VGYOWsdZSNwhYKxMnc7O8gYYCujLj/8Q/dTya2Hw/9DK86H/lxoJjofg=="
    }
  }
}
